uuid: c8f7fe61-ee9a-45be-9bd6-4074aa6af0a4
langcode: en
status: true
dependencies:
  config:
    - block_content.type.base_block
  module:
    - content_translation
third_party_settings:
  content_translation:
    enabled: true
    bundle_settings:
      untranslatable_fields_hide: '0'
id: block_content.base_block
target_entity_type_id: block_content
target_bundle: base_block
default_langcode: current_interface
language_alterable: true
